// !$*UTF8*$!
{
	archiveVersion = 1;
	classes = {
	};
	objectVersion = 46;
	objects = {
		5E618435888B9D49F8540165 = {
			buildActionMask = 2147483647;
			files = (
				);
			isa = PBXShellScriptBuildPhase;
			runOnlyForDeploymentPostprocessing = 0;
			name = "Qt Qmake";
			shellPath = "/bin/sh";
			shellScript = "make -C /Users/carlgt1/projects/qcn/client/qcnlive/ -f qcnlive.xcodeproj/qt_makeqmake.mak";
			showEnvVarsInLog = "0";
		};
		52B5D678856C53EC325D4E10 = {
			isa = PBXFileReference;
			path = "/Users/carlgt1/projects/qcn/client/qcnlive/qcnopenglwidget.cpp";
			name = "qcnopenglwidget.cpp";
			sourceTree = "<absolute>";
			lastKnownFileType = "sourcecode.cpp.cpp";
		};
		B864D3083F669EF1FB2ADFD9 = {
			fileRef = "52B5D678856C53EC325D4E10";
			isa = PBXBuildFile;
			settings = {
				ATTRIBUTES = (
					);
			};
		};
		90FAD31E0052C4F68A683DFF = {
			isa = PBXFileReference;
			path = "/Users/carlgt1/projects/qcn/client/qcnlive/qcnqt.cpp";
			name = "qcnqt.cpp";
			sourceTree = "<absolute>";
			lastKnownFileType = "sourcecode.cpp.cpp";
		};
		5758FC0B8CDA8C593BADEF58 = {
			fileRef = "90FAD31E0052C4F68A683DFF";
			isa = PBXBuildFile;
			settings = {
				ATTRIBUTES = (
					);
			};
		};
		B6C8EB787CA233AEE811877D = {
			isa = PBXFileReference;
			path = "/Users/carlgt1/projects/qcn/client/qcnlive/myframe.cpp";
			name = "myframe.cpp";
			sourceTree = "<absolute>";
			lastKnownFileType = "sourcecode.cpp.cpp";
		};
		37F760B454F65B5C3FB16968 = {
			fileRef = "B6C8EB787CA233AEE811877D";
			isa = PBXBuildFile;
			settings = {
				ATTRIBUTES = (
					);
			};
		};
		68F49269A2014AD129D4EA56 = {
			isa = PBXFileReference;
			path = "/Users/carlgt1/projects/qcn/client/qcnlive/dlgsettings.cpp";
			name = "dlgsettings.cpp";
			sourceTree = "<absolute>";
			lastKnownFileType = "sourcecode.cpp.cpp";
		};
		E88837123BE686986DCEF679 = {
			fileRef = "68F49269A2014AD129D4EA56";
			isa = PBXBuildFile;
			settings = {
				ATTRIBUTES = (
					);
			};
		};
		D9D343DD2A9102AD5ED9CB53 = {
			isa = PBXFileReference;
			path = "/Users/carlgt1/projects/qcn/client/qcnlive/dlgmakequake.cpp";
			name = "dlgmakequake.cpp";
			sourceTree = "<absolute>";
			lastKnownFileType = "sourcecode.cpp.cpp";
		};
		D45AA70BB651D8EC9876B886 = {
			fileRef = "D9D343DD2A9102AD5ED9CB53";
			isa = PBXBuildFile;
			settings = {
				ATTRIBUTES = (
					);
			};
		};
		E449039A67AAEDDAE04EEC01 = {
			isa = PBXFileReference;
			path = "/Users/carlgt1/projects/qcn/client/main/qcn_shmem.cpp";
			name = "qcn_shmem.cpp";
			sourceTree = "<absolute>";
			lastKnownFileType = "sourcecode.cpp.cpp";
		};
		6DA1C0C93CA66A705C6D387D = {
			fileRef = "E449039A67AAEDDAE04EEC01";
			isa = PBXBuildFile;
			settings = {
				ATTRIBUTES = (
					);
			};
		};
		F6B33EFDF3DDC6DDC9E9617E = {
			isa = PBXFileReference;
			path = "/Users/carlgt1/projects/qcn/client/main/qcn_thread_sensor.cpp";
			name = "qcn_thread_sensor.cpp";
			sourceTree = "<absolute>";
			lastKnownFileType = "sourcecode.cpp.cpp";
		};
		BF0591C37B3212233B0D823E = {
			fileRef = "F6B33EFDF3DDC6DDC9E9617E";
			isa = PBXBuildFile;
			settings = {
				ATTRIBUTES = (
					);
			};
		};
		6D20B4C51332ED455483B260 = {
			isa = PBXFileReference;
			path = "/Users/carlgt1/projects/qcn/client/main/qcn_thread_sensor_util.cpp";
			name = "qcn_thread_sensor_util.cpp";
			sourceTree = "<absolute>";
			lastKnownFileType = "sourcecode.cpp.cpp";
		};
		473548F9C347ED16F75BC450 = {
			fileRef = "6D20B4C51332ED455483B260";
			isa = PBXBuildFile;
			settings = {
				ATTRIBUTES = (
					);
			};
		};
		1DD3B7D47356C79392A9FB09 = {
			isa = PBXFileReference;
			path = "/Users/carlgt1/projects/qcn/client/main/qcn_thread_sensor_loop.cpp";
			name = "qcn_thread_sensor_loop.cpp";
			sourceTree = "<absolute>";
			lastKnownFileType = "sourcecode.cpp.cpp";
		};
		A7400014D92B40D0C391AF07 = {
			fileRef = "1DD3B7D47356C79392A9FB09";
			isa = PBXBuildFile;
			settings = {
				ATTRIBUTES = (
					);
			};
		};
		53CCA3E2FE092F27481EE7C7 = {
			isa = PBXFileReference;
			path = "/Users/carlgt1/projects/qcn/client/main/qcn_thread_time.cpp";
			name = "qcn_thread_time.cpp";
			sourceTree = "<absolute>";
			lastKnownFileType = "sourcecode.cpp.cpp";
		};
		E4297044CDE3B678E5EB7465 = {
			fileRef = "53CCA3E2FE092F27481EE7C7";
			isa = PBXBuildFile;
			settings = {
				ATTRIBUTES = (
					);
			};
		};
		6F5857A0B3B02D037449696A = {
			isa = PBXFileReference;
			path = "/Users/carlgt1/projects/qcn/client/main/main.cpp";
			name = "main.cpp";
			sourceTree = "<absolute>";
			lastKnownFileType = "sourcecode.cpp.cpp";
		};
		620ACC8558CC55B0815D0B4F = {
			fileRef = "6F5857A0B3B02D037449696A";
			isa = PBXBuildFile;
			settings = {
				ATTRIBUTES = (
					);
			};
		};
		D715AD64EAA170C1BCDBA883 = {
			isa = PBXFileReference;
			path = "/Users/carlgt1/projects/qcn/client/util/cserialize.cpp";
			name = "cserialize.cpp";
			sourceTree = "<absolute>";
			lastKnownFileType = "sourcecode.cpp.cpp";
		};
		C130044C5F65E0CC2DBF6AE6 = {
			fileRef = "D715AD64EAA170C1BCDBA883";
			isa = PBXBuildFile;
			settings = {
				ATTRIBUTES = (
					);
			};
		};
		5DC64EE959A233FF1853EF94 = {
			isa = PBXFileReference;
			path = "/Users/carlgt1/projects/qcn/client/util/sac.cpp";
			name = "sac.cpp";
			sourceTree = "<absolute>";
			lastKnownFileType = "sourcecode.cpp.cpp";
		};
		201AAC0339AE922241E45122 = {
			fileRef = "5DC64EE959A233FF1853EF94";
			isa = PBXBuildFile;
			settings = {
				ATTRIBUTES = (
					);
			};
		};
		2724D99D22CAD85B87818A3E = {
			isa = PBXFileReference;
			path = "/Users/carlgt1/projects/qcn/client/util/qcn_thread.cpp";
			name = "qcn_thread.cpp";
			sourceTree = "<absolute>";
			lastKnownFileType = "sourcecode.cpp.cpp";
		};
		6C63CBCDE2975EDC49CD16AB = {
			fileRef = "2724D99D22CAD85B87818A3E";
			isa = PBXBuildFile;
			settings = {
				ATTRIBUTES = (
					);
			};
		};
		671818D1D7E3E67DBC82F0A6 = {
			isa = PBXFileReference;
			path = "/Users/carlgt1/projects/qcn/client/util/trickleup.cpp";
			name = "trickleup.cpp";
			sourceTree = "<absolute>";
			lastKnownFileType = "sourcecode.cpp.cpp";
		};
		3814C0482B532AE3E71E436E = {
			fileRef = "671818D1D7E3E67DBC82F0A6";
			isa = PBXBuildFile;
			settings = {
				ATTRIBUTES = (
					);
			};
		};
		830B77E0B5AEE30B507524F5 = {
			isa = PBXFileReference;
			path = "/Users/carlgt1/projects/qcn/client/util/trickledown.cpp";
			name = "trickledown.cpp";
			sourceTree = "<absolute>";
			lastKnownFileType = "sourcecode.cpp.cpp";
		};
		1B56D954CDEF6358B1247033 = {
			fileRef = "830B77E0B5AEE30B507524F5";
			isa = PBXBuildFile;
			settings = {
				ATTRIBUTES = (
					);
			};
		};
		6E7119E3BD48D464C642CCAD = {
			isa = PBXFileReference;
			path = "/Users/carlgt1/projects/qcn/client/util/md5.cpp";
			name = "md5.cpp";
			sourceTree = "<absolute>";
			lastKnownFileType = "sourcecode.cpp.cpp";
		};
		871DA61386D4169B5E2C8AB6 = {
			fileRef = "6E7119E3BD48D464C642CCAD";
			isa = PBXBuildFile;
			settings = {
				ATTRIBUTES = (
					);
			};
		};
		B282323789317B5B034E5B14 = {
			isa = PBXFileReference;
			path = "/Users/carlgt1/projects/qcn/client/util/execproc.cpp";
			name = "execproc.cpp";
			sourceTree = "<absolute>";
			lastKnownFileType = "sourcecode.cpp.cpp";
		};
		58420B3DAC7B11F4DE8C9703 = {
			fileRef = "B282323789317B5B034E5B14";
			isa = PBXBuildFile;
			settings = {
				ATTRIBUTES = (
					);
			};
		};
		5566DAD29B3F11AB2CEFE6C5 = {
			isa = PBXFileReference;
			path = "/Users/carlgt1/projects/qcn/client/util/texture.cpp";
			name = "texture.cpp";
			sourceTree = "<absolute>";
			lastKnownFileType = "sourcecode.cpp.cpp";
		};
		E7F5E827206B7D60249E2125 = {
			fileRef = "5566DAD29B3F11AB2CEFE6C5";
			isa = PBXBuildFile;
			settings = {
				ATTRIBUTES = (
					);
			};
		};
		D26EBF41A76EFCA5D9314C9E = {
			isa = PBXFileReference;
			path = "/Users/carlgt1/projects/qcn/client/util/qcn_util.cpp";
			name = "qcn_util.cpp";
			sourceTree = "<absolute>";
			lastKnownFileType = "sourcecode.cpp.cpp";
		};
		4EF2A616FCAC936AF05B1EE0 = {
			fileRef = "D26EBF41A76EFCA5D9314C9E";
			isa = PBXBuildFile;
			settings = {
				ATTRIBUTES = (
					);
			};
		};
		D3E82C4040666CF2E56CD1A9 = {
			isa = PBXFileReference;
			path = "/Users/carlgt1/projects/qcn/client/util/qcn_signal.cpp";
			name = "qcn_signal.cpp";
			sourceTree = "<absolute>";
			lastKnownFileType = "sourcecode.cpp.cpp";
		};
		8AC8D9B85D409226CA18A8CB = {
			fileRef = "D3E82C4040666CF2E56CD1A9";
			isa = PBXBuildFile;
			settings = {
				ATTRIBUTES = (
					);
			};
		};
		1B80AEDF664461E4227828C6 = {
			isa = PBXFileReference;
			path = "/Users/carlgt1/projects/qcn/client/util/qcn_curl.cpp";
			name = "qcn_curl.cpp";
			sourceTree = "<absolute>";
			lastKnownFileType = "sourcecode.cpp.cpp";
		};
		C58C9C095BEF4D91AA808866 = {
			fileRef = "1B80AEDF664461E4227828C6";
			isa = PBXBuildFile;
			settings = {
				ATTRIBUTES = (
					);
			};
		};
		C4640DB14FCBD60213877477 = {
			isa = PBXFileReference;
			path = "/Users/carlgt1/projects/qcn/client/util/ttfont.cpp";
			name = "ttfont.cpp";
			sourceTree = "<absolute>";
			lastKnownFileType = "sourcecode.cpp.cpp";
		};
		B9D8908C15309345E8B7075F = {
			fileRef = "C4640DB14FCBD60213877477";
			isa = PBXBuildFile;
			settings = {
				ATTRIBUTES = (
					);
			};
		};
		9863FAFFF2B69AA7743EC1D0 = {
			isa = PBXFileReference;
			path = "/Users/carlgt1/projects/qcn/client/util/gzstream.cpp";
			name = "gzstream.cpp";
			sourceTree = "<absolute>";
			lastKnownFileType = "sourcecode.cpp.cpp";
		};
		6918AC2393F4AF17004930EF = {
			fileRef = "9863FAFFF2B69AA7743EC1D0";
			isa = PBXBuildFile;
			settings = {
				ATTRIBUTES = (
					);
			};
		};
		56FDDB33D5397E420DE3F8FF = {
			isa = PBXFileReference;
			path = "/Users/carlgt1/projects/qcn/client/sensor/csensor_mac_laptop.cpp";
			name = "csensor_mac_laptop.cpp";
			sourceTree = "<absolute>";
			lastKnownFileType = "sourcecode.cpp.cpp";
		};
		19F734389B9F13C2723D5284 = {
			fileRef = "56FDDB33D5397E420DE3F8FF";
			isa = PBXBuildFile;
			settings = {
				ATTRIBUTES = (
					);
			};
		};
		A5A8E61C4B720662D657B4AE = {
			isa = PBXFileReference;
			path = "/Users/carlgt1/projects/qcn/client/sensor/csensor_usb_phidgets.cpp";
			name = "csensor_usb_phidgets.cpp";
			sourceTree = "<absolute>";
			lastKnownFileType = "sourcecode.cpp.cpp";
		};
		72B017452757BBF10F9A870C = {
			fileRef = "A5A8E61C4B720662D657B4AE";
			isa = PBXBuildFile;
			settings = {
				ATTRIBUTES = (
					);
			};
		};
		06A07A7A4E67DB97E0F554D5 = {
			isa = PBXFileReference;
			path = "/Users/carlgt1/projects/qcn/client/sensor/csensor_mac_usb_onavi.cpp";
			name = "csensor_mac_usb_onavi.cpp";
			sourceTree = "<absolute>";
			lastKnownFileType = "sourcecode.cpp.cpp";
		};
		1BFA8EBF516426905152B15B = {
			fileRef = "06A07A7A4E67DB97E0F554D5";
			isa = PBXBuildFile;
			settings = {
				ATTRIBUTES = (
					);
			};
		};
		8F22AFD133ADF48E4955BBF2 = {
			isa = PBXFileReference;
			path = "/Users/carlgt1/projects/qcn/client/sensor/csensor_mac_usb_jw.cpp";
			name = "csensor_mac_usb_jw.cpp";
			sourceTree = "<absolute>";
			lastKnownFileType = "sourcecode.cpp.cpp";
		};
		E360EE94BCCB9C18A018ECF0 = {
			fileRef = "8F22AFD133ADF48E4955BBF2";
			isa = PBXBuildFile;
			settings = {
				ATTRIBUTES = (
					);
			};
		};
		1EBBDB0285534FE9B87954A0 = {
			isa = PBXFileReference;
			path = "/Users/carlgt1/projects/qcn/client/sensor/csensor_mac_usb_jw24f14.cpp";
			name = "csensor_mac_usb_jw24f14.cpp";
			sourceTree = "<absolute>";
			lastKnownFileType = "sourcecode.cpp.cpp";
		};
		6318FC44C48EB1A713655FD2 = {
			fileRef = "1EBBDB0285534FE9B87954A0";
			isa = PBXBuildFile;
			settings = {
				ATTRIBUTES = (
					);
			};
		};
		0DE850040CE61B763D044F8E = {
			isa = PBXFileReference;
			path = "/Users/carlgt1/projects/qcn/client/sensor/csensor.cpp";
			name = "csensor.cpp";
			sourceTree = "<absolute>";
			lastKnownFileType = "sourcecode.cpp.cpp";
		};
		9D8ADA52DEE6728CE86C266C = {
			fileRef = "0DE850040CE61B763D044F8E";
			isa = PBXBuildFile;
			settings = {
				ATTRIBUTES = (
					);
			};
		};
		7B3F3D135FCFE67BD57DC679 = {
			isa = PBXFileReference;
			path = "/Users/carlgt1/projects/qcn/client/graphics/qcn_graphics.cpp";
			name = "qcn_graphics.cpp";
			sourceTree = "<absolute>";
			lastKnownFileType = "sourcecode.cpp.cpp";
		};
		79F31F22ED1F9D3D624E7DAE = {
			fileRef = "7B3F3D135FCFE67BD57DC679";
			isa = PBXBuildFile;
			settings = {
				ATTRIBUTES = (
					);
			};
		};
		59A22C80A7DF2ABE83924F50 = {
			isa = PBXFileReference;
			path = "/Users/carlgt1/projects/qcn/client/graphics/qcn_2dplot.cpp";
			name = "qcn_2dplot.cpp";
			sourceTree = "<absolute>";
			lastKnownFileType = "sourcecode.cpp.cpp";
		};
		904BE74F95E8890E6CE5C1A7 = {
			fileRef = "59A22C80A7DF2ABE83924F50";
			isa = PBXBuildFile;
			settings = {
				ATTRIBUTES = (
					);
			};
		};
		A120DA23349DF9A3A928489E = {
			isa = PBXFileReference;
			path = "/Users/carlgt1/projects/qcn/client/graphics/qcn_earth.cpp";
			name = "qcn_earth.cpp";
			sourceTree = "<absolute>";
			lastKnownFileType = "sourcecode.cpp.cpp";
		};
		538559891F1C39011177ABB8 = {
			fileRef = "A120DA23349DF9A3A928489E";
			isa = PBXBuildFile;
			settings = {
				ATTRIBUTES = (
					);
			};
		};
		A356EC41887B3A2BCF2FF283 = {
			isa = PBXFileReference;
			path = "/Users/carlgt1/projects/qcn/client/graphics/qcn_cube.cpp";
			name = "qcn_cube.cpp";
			sourceTree = "<absolute>";
			lastKnownFileType = "sourcecode.cpp.cpp";
		};
		A2DC0B7EF16E68D40423A728 = {
			fileRef = "A356EC41887B3A2BCF2FF283";
			isa = PBXBuildFile;
			settings = {
				ATTRIBUTES = (
					);
			};
		};
		43CC31D8E1422820E53DA308 = {
			isa = PBXFileReference;
			path = "/Users/carlgt1/projects/qcn/client/graphics/qcn_game_match.cpp";
			name = "qcn_game_match.cpp";
			sourceTree = "<absolute>";
			lastKnownFileType = "sourcecode.cpp.cpp";
		};
		37E53C4F156D30A697E73737 = {
			fileRef = "43CC31D8E1422820E53DA308";
			isa = PBXBuildFile;
			settings = {
				ATTRIBUTES = (
					);
			};
		};
		5674A25372F68EFD0C38D9BA = {
			isa = PBXFileReference;
			path = "/Users/carlgt1/projects/qcn/client/graphics/nation_boundary.cpp";
			name = "nation_boundary.cpp";
			sourceTree = "<absolute>";
			lastKnownFileType = "sourcecode.cpp.cpp";
		};
		2E843E3115734E96074EBA64 = {
			fileRef = "5674A25372F68EFD0C38D9BA";
			isa = PBXBuildFile;
			settings = {
				ATTRIBUTES = (
					);
			};
		};
		7D01412225B613B6A9124B0A = {
			isa = PBXFileReference;
			path = "/Users/carlgt1/projects/qcn/client/graphics/coastline.cpp";
			name = "coastline.cpp";
			sourceTree = "<absolute>";
			lastKnownFileType = "sourcecode.cpp.cpp";
		};
		49F541EDFBF3FA5E8CE4BC75 = {
			fileRef = "7D01412225B613B6A9124B0A";
			isa = PBXBuildFile;
			settings = {
				ATTRIBUTES = (
					);
			};
		};
		D88B0B3111B70BEF27C6DDD8 = {
			isa = PBXFileReference;
			path = "/Users/carlgt1/projects/qcn/client/graphics/plate_boundary.cpp";
			name = "plate_boundary.cpp";
			sourceTree = "<absolute>";
			lastKnownFileType = "sourcecode.cpp.cpp";
		};
		8F0B4AB8AC8424C65A329C88 = {
			fileRef = "D88B0B3111B70BEF27C6DDD8";
			isa = PBXBuildFile;
			settings = {
				ATTRIBUTES = (
					);
			};
		};
		3939C160EAAACC1B39BC7DAC = {
			isa = PBXFileReference;
			path = "/Users/carlgt1/projects/qcn/client/qcnlive/qcnmac.icns";
			name = "qcnmac.icns";
			sourceTree = "<absolute>";
		};
		095700B0C8EAC9B38B051567 = {
			fileRef = "3939C160EAAACC1B39BC7DAC";
			isa = PBXBuildFile;
			settings = {
				ATTRIBUTES = (
					);
			};
		};
		E4A423A4D651DD360F3583CA = {
			isa = PBXFileReference;
			path = "/Users/carlgt1/projects/qcn/client/qcnlive/moc_qcnqt.cpp";
			name = "moc_qcnqt.cpp";
			sourceTree = "<absolute>";
			lastKnownFileType = "sourcecode.cpp.cpp";
		};
		4CED63521FE688722AA1ECE8 = {
			fileRef = "E4A423A4D651DD360F3583CA";
			isa = PBXBuildFile;
			settings = {
				ATTRIBUTES = (
					);
			};
		};
		FAD654400C22DD4A3A7FA812 = {
			isa = PBXFileReference;
			path = "/Users/carlgt1/projects/qcn/client/qcnlive/moc_qcnopenglwidget.cpp";
			name = "moc_qcnopenglwidget.cpp";
			sourceTree = "<absolute>";
			lastKnownFileType = "sourcecode.cpp.cpp";
		};
		54FFEF96FDEAEB5EBEE07F55 = {
			fileRef = "FAD654400C22DD4A3A7FA812";
			isa = PBXBuildFile;
			settings = {
				ATTRIBUTES = (
					);
			};
		};
		9B809E2264EA9373E42D7CD5 = {
			isa = PBXFileReference;
			path = "/Users/carlgt1/projects/qcn/client/qcnlive/moc_myframe.cpp";
			name = "moc_myframe.cpp";
			sourceTree = "<absolute>";
			lastKnownFileType = "sourcecode.cpp.cpp";
		};
		A9842EB381E53B1628A46303 = {
			fileRef = "9B809E2264EA9373E42D7CD5";
			isa = PBXBuildFile;
			settings = {
				ATTRIBUTES = (
					);
			};
		};
		AD9757F21B868222639F4573 = {
			isa = PBXFileReference;
			path = "/Users/carlgt1/projects/qcn/client/qcnlive/moc_dlgsettings.cpp";
			name = "moc_dlgsettings.cpp";
			sourceTree = "<absolute>";
			lastKnownFileType = "sourcecode.cpp.cpp";
		};
		9BC6AD261BA0216B9AB39FEC = {
			fileRef = "AD9757F21B868222639F4573";
			isa = PBXBuildFile;
			settings = {
				ATTRIBUTES = (
					);
			};
		};
		23CFB03590030E44CC8EBF32 = {
			isa = PBXFileReference;
			path = "/Users/carlgt1/projects/qcn/client/qcnlive/moc_dlgmakequake.cpp";
			name = "moc_dlgmakequake.cpp";
			sourceTree = "<absolute>";
			lastKnownFileType = "sourcecode.cpp.cpp";
		};
		EA583C6C9E857A712FAE87FA = {
			fileRef = "23CFB03590030E44CC8EBF32";
			isa = PBXBuildFile;
			settings = {
				ATTRIBUTES = (
					);
			};
		};
		2B1335EFF13E8805281F5122 = {
			isa = PBXFileReference;
			path = "/Users/carlgt1/projects/qcn/client/qcnlive/qcnqt.h";
			name = "qcnqt.h";
			sourceTree = "<absolute>";
			lastKnownFileType = "sourcecode.c.h";
		};
		30AE5DEDA15594DB0C9B90DF = {
			isa = PBXFileReference;
			path = "/Users/carlgt1/projects/qcn/client/qcnlive/qcnopenglwidget.h";
			name = "qcnopenglwidget.h";
			sourceTree = "<absolute>";
			lastKnownFileType = "sourcecode.c.h";
		};
		193D4A46FF913FBDB1166217 = {
			isa = PBXFileReference;
			path = "/Users/carlgt1/projects/qcn/client/qcnlive/myframe.h";
			name = "myframe.h";
			sourceTree = "<absolute>";
			lastKnownFileType = "sourcecode.c.h";
		};
		3CB3F67B777525148BAE748A = {
			isa = PBXFileReference;
			path = "/Users/carlgt1/projects/qcn/client/qcnlive/dlgsettings.h";
			name = "dlgsettings.h";
			sourceTree = "<absolute>";
			lastKnownFileType = "sourcecode.c.h";
		};
		549DDA15401CA7DDA3408D24 = {
			isa = PBXFileReference;
			path = "/Users/carlgt1/projects/qcn/client/qcnlive/dlgmakequake.h";
			name = "dlgmakequake.h";
			sourceTree = "<absolute>";
			lastKnownFileType = "sourcecode.c.h";
		};
		71CA3A292F33E973577E8108 = {
			isa = PBXFileReference;
			path = "/Users/carlgt1/projects/qcn/client/qcnlive/qcnlive_define.h";
			name = "qcnlive_define.h";
			sourceTree = "<absolute>";
			lastKnownFileType = "sourcecode.c.h";
		};
		74B4DDC9ECECDA16F5E60D7D = {
			isa = PBXFileReference;
			path = "/Users/carlgt1/projects/qcn/client/qcnlive/icons.h";
			name = "icons.h";
			sourceTree = "<absolute>";
			lastKnownFileType = "sourcecode.c.h";
		};
		44886B02454AA74C113B65FD = {
			isa = PBXFileReference;
			path = "/Users/carlgt1/projects/qcn/client/main/main.h";
			name = "main.h";
			sourceTree = "<absolute>";
			lastKnownFileType = "sourcecode.c.h";
		};
		25938C748C905D6D3CE2B6FF = {
			isa = PBXFileReference;
			path = "/Users/carlgt1/projects/qcn/client/main/define.h";
			name = "define.h";
			sourceTree = "<absolute>";
			lastKnownFileType = "sourcecode.c.h";
		};
		6419072FEBC8FFDD5CACDF38 = {
			isa = PBXFileReference;
			path = "/Users/carlgt1/projects/qcn/client/qcnlive/qcnlive.pro";
			name = "qcnlive.pro";
			sourceTree = "<absolute>";
			lastKnownFileType = "text";
		};
		147B01755E64C3E753348208 = {
			isa = PBXFileReference;
			path = "/Users/carlgt1/projects/qcn/client/qcnlive/.qmake.stash";
			name = ".qmake.stash";
			sourceTree = "<absolute>";
		};
		25B08E2869634E9BCBA333A2 = {
			isa = PBXGroup;
			children = (
				"E4A423A4D651DD360F3583CA",
				"FAD654400C22DD4A3A7FA812",
				"9B809E2264EA9373E42D7CD5",
				"AD9757F21B868222639F4573",
				"23CFB03590030E44CC8EBF32");
			name = "Generated Sources";
			sourceTree = "<group>";
		};
		2EB56BE3C2D93CDAB0C52E67 = {
			isa = PBXGroup;
			children = (
				"52B5D678856C53EC325D4E10",
				"90FAD31E0052C4F68A683DFF",
				"B6C8EB787CA233AEE811877D",
				"68F49269A2014AD129D4EA56",
				"D9D343DD2A9102AD5ED9CB53",
				"E449039A67AAEDDAE04EEC01",
				"F6B33EFDF3DDC6DDC9E9617E",
				"6D20B4C51332ED455483B260",
				"1DD3B7D47356C79392A9FB09",
				"53CCA3E2FE092F27481EE7C7",
				"6F5857A0B3B02D037449696A",
				"D715AD64EAA170C1BCDBA883",
				"5DC64EE959A233FF1853EF94",
				"2724D99D22CAD85B87818A3E",
				"671818D1D7E3E67DBC82F0A6",
				"830B77E0B5AEE30B507524F5",
				"6E7119E3BD48D464C642CCAD",
				"B282323789317B5B034E5B14",
				"5566DAD29B3F11AB2CEFE6C5",
				"D26EBF41A76EFCA5D9314C9E",
				"D3E82C4040666CF2E56CD1A9",
				"1B80AEDF664461E4227828C6",
				"C4640DB14FCBD60213877477",
				"9863FAFFF2B69AA7743EC1D0",
				"56FDDB33D5397E420DE3F8FF",
				"A5A8E61C4B720662D657B4AE",
				"06A07A7A4E67DB97E0F554D5",
				"8F22AFD133ADF48E4955BBF2",
				"1EBBDB0285534FE9B87954A0",
				"0DE850040CE61B763D044F8E",
				"7B3F3D135FCFE67BD57DC679",
				"59A22C80A7DF2ABE83924F50",
				"A120DA23349DF9A3A928489E",
				"A356EC41887B3A2BCF2FF283",
				"43CC31D8E1422820E53DA308",
				"5674A25372F68EFD0C38D9BA",
				"7D01412225B613B6A9124B0A",
				"D88B0B3111B70BEF27C6DDD8",
				"3939C160EAAACC1B39BC7DAC",
				"2B1335EFF13E8805281F5122",
				"30AE5DEDA15594DB0C9B90DF",
				"193D4A46FF913FBDB1166217",
				"3CB3F67B777525148BAE748A",
				"549DDA15401CA7DDA3408D24",
				"71CA3A292F33E973577E8108",
				"74B4DDC9ECECDA16F5E60D7D",
				"44886B02454AA74C113B65FD",
				"25938C748C905D6D3CE2B6FF");
			name = "Sources";
			sourceTree = "<group>";
		};
		74B182DB50CB5611B5C1C297 = {
			isa = PBXGroup;
			children = (
				"6419072FEBC8FFDD5CACDF38",
				"147B01755E64C3E753348208");
			name = "Supporting Files";
			sourceTree = "<group>";
		};
		7EF0942E79C014DCEC8976BC = {
			buildActionMask = 2147483647;
			files = (
				);
			isa = PBXShellScriptBuildPhase;
			runOnlyForDeploymentPostprocessing = 0;
			name = "Qt Preprocessors";
			shellPath = "/bin/sh";
			shellScript = "make -C /Users/carlgt1/projects/qcn/client/qcnlive/ -f qcnlive.xcodeproj/qt_preprocess.mak";
			showEnvVarsInLog = "0";
		};
		F7E50F631C51CD5B5DC0BC43 = {
			buildActionMask = 2147483647;
			files = (
				"B864D3083F669EF1FB2ADFD9",
				"5758FC0B8CDA8C593BADEF58",
				"37F760B454F65B5C3FB16968",
				"E88837123BE686986DCEF679",
				"D45AA70BB651D8EC9876B886",
				"6DA1C0C93CA66A705C6D387D",
				"BF0591C37B3212233B0D823E",
				"473548F9C347ED16F75BC450",
				"A7400014D92B40D0C391AF07",
				"E4297044CDE3B678E5EB7465",
				"620ACC8558CC55B0815D0B4F",
				"C130044C5F65E0CC2DBF6AE6",
				"201AAC0339AE922241E45122",
				"6C63CBCDE2975EDC49CD16AB",
				"3814C0482B532AE3E71E436E",
				"1B56D954CDEF6358B1247033",
				"871DA61386D4169B5E2C8AB6",
				"58420B3DAC7B11F4DE8C9703",
				"E7F5E827206B7D60249E2125",
				"4EF2A616FCAC936AF05B1EE0",
				"8AC8D9B85D409226CA18A8CB",
				"C58C9C095BEF4D91AA808866",
				"B9D8908C15309345E8B7075F",
				"6918AC2393F4AF17004930EF",
				"19F734389B9F13C2723D5284",
				"72B017452757BBF10F9A870C",
				"1BFA8EBF516426905152B15B",
				"E360EE94BCCB9C18A018ECF0",
				"6318FC44C48EB1A713655FD2",
				"9D8ADA52DEE6728CE86C266C",
				"79F31F22ED1F9D3D624E7DAE",
				"904BE74F95E8890E6CE5C1A7",
				"538559891F1C39011177ABB8",
				"A2DC0B7EF16E68D40423A728",
				"37E53C4F156D30A697E73737",
				"2E843E3115734E96074EBA64",
				"49F541EDFBF3FA5E8CE4BC75",
				"8F0B4AB8AC8424C65A329C88",
				"4CED63521FE688722AA1ECE8",
				"54FFEF96FDEAEB5EBEE07F55",
				"A9842EB381E53B1628A46303",
				"9BC6AD261BA0216B9AB39FEC",
				"EA583C6C9E857A712FAE87FA");
			isa = PBXSourcesBuildPhase;
			runOnlyForDeploymentPostprocessing = 0;
			name = "Compile Sources";
		};
		A1A67BEAA744704B29168D39 = {
			isa = PBXFileReference;
			name = "IOKit.framework";
			path = "/System/Library/Frameworks/IOKit.framework";
			refType = 0;
			sourceTree = "<absolute>";
			lastKnownFileType = "wrapper.framework";
		};
		8D267F2E4776F0ECA2F49DC8 = {
			fileRef = "A1A67BEAA744704B29168D39";
			isa = PBXBuildFile;
			settings = {
			};
		};
		9DFF62A901D70814B8A323D4 = {
			isa = PBXFileReference;
			name = "Carbon.framework";
			path = "/System/Library/Frameworks/Carbon.framework";
			refType = 0;
			sourceTree = "<absolute>";
			lastKnownFileType = "wrapper.framework";
		};
		F8ED42CF8679BF83227DAFC4 = {
			fileRef = "9DFF62A901D70814B8A323D4";
			isa = PBXBuildFile;
			settings = {
			};
		};
		20B5764812FDA9757247F5DC = {
			isa = PBXFileReference;
			name = "QtPrintSupport.framework";
			path = "/Developer/Qt/5.6/clang_64/lib/QtPrintSupport.framework";
			refType = 0;
			sourceTree = "<absolute>";
			lastKnownFileType = "wrapper.framework";
		};
		9A385199CC265F0EBC51BD17 = {
			fileRef = "20B5764812FDA9757247F5DC";
			isa = PBXBuildFile;
			settings = {
			};
		};
		CD40C09B2C27BA600C9796B2 = {
			isa = PBXFileReference;
			name = "QtWidgets.framework";
			path = "/Developer/Qt/5.6/clang_64/lib/QtWidgets.framework";
			refType = 0;
			sourceTree = "<absolute>";
			lastKnownFileType = "wrapper.framework";
		};
		B95C9259537B8FFF19D23726 = {
			fileRef = "CD40C09B2C27BA600C9796B2";
			isa = PBXBuildFile;
			settings = {
			};
		};
		4955ED7C50A8B4BF00301A44 = {
			isa = PBXFileReference;
			name = "QtGui.framework";
			path = "/Developer/Qt/5.6/clang_64/lib/QtGui.framework";
			refType = 0;
			sourceTree = "<absolute>";
			lastKnownFileType = "wrapper.framework";
		};
		B5E4461DF58864690C38646D = {
			fileRef = "4955ED7C50A8B4BF00301A44";
			isa = PBXBuildFile;
			settings = {
			};
		};
		4677251923A96A544EB25302 = {
			isa = PBXFileReference;
			name = "QtCore.framework";
			path = "/Developer/Qt/5.6/clang_64/lib/QtCore.framework";
			refType = 0;
			sourceTree = "<absolute>";
			lastKnownFileType = "wrapper.framework";
		};
		24D89A9D299740DEFFBDBA9A = {
			fileRef = "4677251923A96A544EB25302";
			isa = PBXBuildFile;
			settings = {
			};
		};
		2B774D8E4178765CE52EAAF5 = {
			isa = PBXFileReference;
			name = "DiskArbitration.framework";
			path = "/System/Library/Frameworks/DiskArbitration.framework";
			refType = 0;
			sourceTree = "<absolute>";
			lastKnownFileType = "wrapper.framework";
		};
		A99B2AA0F9CBBDD12BA126A4 = {
			fileRef = "2B774D8E4178765CE52EAAF5";
			isa = PBXBuildFile;
			settings = {
			};
		};
		21B3C9DE9A65274D2573F2A6 = {
			isa = PBXFileReference;
			name = "QtOpenGL.framework";
			path = "/Developer/Qt/5.6/clang_64/lib/QtOpenGL.framework";
			refType = 0;
			sourceTree = "<absolute>";
			lastKnownFileType = "wrapper.framework";
		};
		C54010A8753ECBF3BCE1384C = {
			fileRef = "21B3C9DE9A65274D2573F2A6";
			isa = PBXBuildFile;
			settings = {
			};
		};
		362762E64339A3DFB3F625A4 = {
			isa = PBXFileReference;
			name = "boinc_api";
			path = "/Users/carlgt1/projects/qcn/client/mac_build/libboinc_api.a";
			refType = 0;
			sourceTree = "<absolute>";
		};
		20B11EEF6377A8BA17CA1E1D = {
			fileRef = "362762E64339A3DFB3F625A4";
			isa = PBXBuildFile;
			settings = {
			};
		};
		E7E0FF289E7280C53D76D432 = {
			isa = PBXFileReference;
			name = "boinc";
			path = "/Users/carlgt1/projects/qcn/client/mac_build/libboinc.a";
			refType = 0;
			sourceTree = "<absolute>";
		};
		358BEAF9ADBB231A976D5CAB = {
			fileRef = "E7E0FF289E7280C53D76D432";
			isa = PBXBuildFile;
			settings = {
			};
		};
		19A7BAA5E5808D3141D17E03 = {
			isa = PBXFileReference;
			name = "boinc_zip";
			path = "/Users/carlgt1/projects/qcn/client/mac_build/libboinc_zip.a";
			refType = 0;
			sourceTree = "<absolute>";
		};
		14E3D7801CA32D2165EB7BA3 = {
			fileRef = "19A7BAA5E5808D3141D17E03";
			isa = PBXBuildFile;
			settings = {
			};
		};
		39F133344608842FA21FC293 = {
			isa = PBXFileReference;
			name = "boinc_graphics2";
			path = "/Users/carlgt1/projects/qcn/client/mac_build/libboinc_graphics2.a";
			refType = 0;
			sourceTree = "<absolute>";
		};
		B788186E188B994C472A9B31 = {
			fileRef = "39F133344608842FA21FC293";
			isa = PBXBuildFile;
			settings = {
			};
		};
		05DC2E696926D344372B77AC = {
			isa = PBXFileReference;
			name = "jpeg";
			path = "/Users/carlgt1/projects/qcn/client/mac_build/libjpeg.a";
			refType = 0;
			sourceTree = "<absolute>";
		};
		5BC1D4F81AF3FE6F626E6C31 = {
			fileRef = "05DC2E696926D344372B77AC";
			isa = PBXBuildFile;
			settings = {
			};
		};
		BBE82439567417A6123C5E24 = {
			isa = PBXFileReference;
			name = "curl-universal";
			path = "/Users/carlgt1/projects/qcn/client/mac_build/libcurl-universal.a";
			refType = 0;
			sourceTree = "<absolute>";
		};
		F7F0ECDB75B4ECB903FF816B = {
			fileRef = "BBE82439567417A6123C5E24";
			isa = PBXBuildFile;
			settings = {
			};
		};
		E7843867C01A7775826FEF55 = {
			isa = PBXFileReference;
			name = "bz2-universal";
			path = "/Users/carlgt1/projects/qcn/client/mac_build/libbz2-universal.a";
			refType = 0;
			sourceTree = "<absolute>";
		};
		D9DF12C1452EB66F708C6CCD = {
			fileRef = "E7843867C01A7775826FEF55";
			isa = PBXBuildFile;
			settings = {
			};
		};
		002F04C34E808F49370C81C3 = {
			isa = PBXFileReference;
			name = "z-universal";
			path = "/Users/carlgt1/projects/qcn/client/mac_build/libz-universal.a";
			refType = 0;
			sourceTree = "<absolute>";
		};
		9A3C60B06B3335821EC226E1 = {
			fileRef = "002F04C34E808F49370C81C3";
			isa = PBXBuildFile;
			settings = {
			};
		};
		19F82592AAF2BB207E2C5D66 = {
			isa = PBXFileReference;
			name = "freetype-universal";
			path = "/Users/carlgt1/projects/qcn/client/mac_build/libfreetype-universal.a";
			refType = 0;
			sourceTree = "<absolute>";
		};
		817BCBD2A4DA9A700D85C1A5 = {
			fileRef = "19F82592AAF2BB207E2C5D66";
			isa = PBXBuildFile;
			settings = {
			};
		};
		DBDF90208ED69C8AADF2F50B = {
			isa = PBXFileReference;
			name = "ftgl-universal";
			path = "/Users/carlgt1/projects/qcn/client/mac_build/libftgl-universal.a";
			refType = 0;
			sourceTree = "<absolute>";
		};
		33C9528314AB08F6C7C2E203 = {
			fileRef = "DBDF90208ED69C8AADF2F50B";
			isa = PBXBuildFile;
			settings = {
			};
		};
		D4B32C2222F82AC56BADEB21 = {
			isa = PBXFileReference;
			name = "OpenGL.framework";
			path = "/System/Library/Frameworks/OpenGL.framework";
			refType = 0;
			sourceTree = "<absolute>";
			lastKnownFileType = "wrapper.framework";
		};
		8771A8C96E9C391044035D99 = {
			fileRef = "D4B32C2222F82AC56BADEB21";
			isa = PBXBuildFile;
			settings = {
			};
		};
		8D9815BDB5BD9F90D2BC05C5 = {
			isa = PBXFileReference;
			name = "AGL.framework";
			path = "/System/Library/Frameworks/AGL.framework";
			refType = 0;
			sourceTree = "<absolute>";
			lastKnownFileType = "wrapper.framework";
		};
		E45E51A644D5FC9F942ECE55 = {
			fileRef = "8D9815BDB5BD9F90D2BC05C5";
			isa = PBXBuildFile;
			settings = {
			};
		};
		AF39DD055C3EF8226FBE929D = {
			children = (
				"A1A67BEAA744704B29168D39",
				"9DFF62A901D70814B8A323D4",
				"20B5764812FDA9757247F5DC",
				"CD40C09B2C27BA600C9796B2",
				"4955ED7C50A8B4BF00301A44",
				"4677251923A96A544EB25302",
				"2B774D8E4178765CE52EAAF5",
				"21B3C9DE9A65274D2573F2A6",
				"362762E64339A3DFB3F625A4",
				"E7E0FF289E7280C53D76D432",
				"19A7BAA5E5808D3141D17E03",
				"39F133344608842FA21FC293",
				"05DC2E696926D344372B77AC",
				"BBE82439567417A6123C5E24",
				"E7843867C01A7775826FEF55",
				"002F04C34E808F49370C81C3",
				"19F82592AAF2BB207E2C5D66",
				"DBDF90208ED69C8AADF2F50B",
				"D4B32C2222F82AC56BADEB21",
				"8D9815BDB5BD9F90D2BC05C5");
			isa = PBXGroup;
			name = "Frameworks";
			sourceTree = "<group>";
		};
		D1C883685E82D5676953459A = {
			buildActionMask = 2147483647;
			files = (
				"8D267F2E4776F0ECA2F49DC8",
				"F8ED42CF8679BF83227DAFC4",
				"9A385199CC265F0EBC51BD17",
				"B95C9259537B8FFF19D23726",
				"B5E4461DF58864690C38646D",
				"24D89A9D299740DEFFBDBA9A",
				"A99B2AA0F9CBBDD12BA126A4",
				"C54010A8753ECBF3BCE1384C",
				"20B11EEF6377A8BA17CA1E1D",
				"358BEAF9ADBB231A976D5CAB",
				"14E3D7801CA32D2165EB7BA3",
				"B788186E188B994C472A9B31",
				"5BC1D4F81AF3FE6F626E6C31",
				"F7F0ECDB75B4ECB903FF816B",
				"D9DF12C1452EB66F708C6CCD",
				"9A3C60B06B3335821EC226E1",
				"817BCBD2A4DA9A700D85C1A5",
				"33C9528314AB08F6C7C2E203",
				"8771A8C96E9C391044035D99",
				"E45E51A644D5FC9F942ECE55");
			isa = PBXFrameworksBuildPhase;
			runOnlyForDeploymentPostprocessing = 0;
			name = "Link Binary With Libraries";
		};
		30414803F31797EB689AE508 = {
			buildActionMask = 2147483647;
			files = (
				"9118587EDD1873C5A8D8A07B");
			isa = PBXResourcesBuildPhase;
			runOnlyForDeploymentPostprocessing = 0;
			name = "Copy Bundle Resources";
		};
		EF63296AA2EC91B1794D00BA = {
			isa = PBXFileReference;
			includeInIndex = 0;
			explicitFileType = "wrapper.application";
			path = "qcnlive.app";
			sourceTree = BUILT_PRODUCTS_DIR;
		};
		FE0A091FDBFB3E9C31B7A1BD = {
			children = (
				"EF63296AA2EC91B1794D00BA");
			isa = PBXGroup;
			name = "Products";
			sourceTree = "<group>";
		};
		E8C543AB96796ECAA2E65C57 = {
			children = (
				"2EB56BE3C2D93CDAB0C52E67",
				"25B08E2869634E9BCBA333A2",
				"74B182DB50CB5611B5C1C297",
				"AF39DD055C3EF8226FBE929D",
				"FE0A091FDBFB3E9C31B7A1BD");
			isa = PBXGroup;
			name = "qcnlive";
			sourceTree = "<group>";
		};
		32053670C0297B3A0B32AA3D = {
			buildPhases = (
				"5E618435888B9D49F8540165",
				"7EF0942E79C014DCEC8976BC");
			dependencies = (
				);
			buildConfigurationList = 6CC3B5D2136C7CD6A5CF5A59;
			isa = PBXAggregateTarget;
			buildRules = (
);
			productName = "Qt Preprocess";
			name = "Qt Preprocess";
		};
		E8E41249C96E8F77D2103D28 = {
			isa = PBXTargetDependency;
			target = "32053670C0297B3A0B32AA3D";
		};
		E8E57540B888D07B9A058FE0 = {
			buildPhases = (
				"F7E50F631C51CD5B5DC0BC43",
				"D1C883685E82D5676953459A",
				"30414803F31797EB689AE508");
			dependencies = (
				"E8E41249C96E8F77D2103D28");
			productReference = "EF63296AA2EC91B1794D00BA";
			buildConfigurationList = 6CC3B5D2136C7CD6A5CF5A59;
			isa = PBXNativeTarget;
			buildRules = (
);
			productType = "com.apple.product-type.application";
			name = "qcnlive";
			productName = "qcnlive";
		};
		3AA6C32AC930069E80220CF1 = {
			isa = XCBuildConfiguration;
			buildSettings = {
				COPY_PHASE_STRIP = "NO";
				ENABLE_BITCODE = "NO";
				GCC_GENERATE_DEBUGGING_SYMBOLS = "YES";
				GCC_OPTIMIZATION_LEVEL = "0";
				PRODUCT_NAME = "qcnlive";
				QT_LIBRARY_SUFFIX = "_debug";
				SDKROOT = "macosx";
				GCC_VERSION = com.apple.compilers.llvm.clang.1_0;
				CC = "/usr/bin/gcc";
				CPLUSPLUS = "/usr/bin/g++";
				LDPLUSPLUS = "/Applications/Xcode.app/Contents/Developer/Toolchains/XcodeDefault.xctoolchain/usr/bin/clang++";
				INFOPLIST_FILE = "Info.plist.mac";
				SYMROOT = "/Users/carlgt1/projects/qcn/client/qcnlive/";
				DYLIB_CURRENT_VERSION = "1.0.0";
				DYLIB_COMPATIBILITY_VERSION = "1.0";
				MACOSX_DEPLOYMENT_TARGET = "10.9";
				HEADER_SEARCH_PATHS = (
					".",
					"/Developer/Qt/5.6/clang_64/lib/QtPrintSupport.framework/Versions/Current/Headers",
					"../../../qcn",
					"../../zlib-1.2.5",
					"/Users/carlgt1/projects/qcn/curl-7.34.0/include",
					"../../bzip2-1.0.6",
					"../../curl-7.49.1/include",
					"../../ftgl-2.1.3/include",
					"../../freetype-2.6/include",
					"../main",
					"../sensor",
					"../util",
					"../../../boinc/lib",
					"../../../boinc/api",
					"../../../boinc/zip",
					"../../../boinc/samples/jpeglib",
					"../graphics",
					"/Developer/Qt/5.6/clang_64/lib/QtOpenGL.framework/Headers",
					"/Developer/Qt/5.6/clang_64/lib/QtWidgets.framework/Headers",
					"/Developer/Qt/5.6/clang_64/lib/QtGui.framework/Headers",
					"/Developer/Qt/5.6/clang_64/lib/QtCore.framework/Headers",
					".",
					"/Applications/Xcode.app/Contents/Developer/Platforms/MacOSX.platform/Developer/SDKs/MacOSX10.10.sdk/System/Library/Frameworks/OpenGL.framework/Headers",
					"/Applications/Xcode.app/Contents/Developer/Platforms/MacOSX.platform/Developer/SDKs/MacOSX10.10.sdk/System/Library/Frameworks/AGL.framework/Headers",
					"/Developer/Qt/5.6/clang_64/mkspecs/macx-clang");
				LIBRARY_SEARCH_PATHS = (
					"/System/Library/Frameworks/",
					"/Developer/Qt/5.6/clang_64/lib",
					"/Users/carlgt1/projects/qcn/client/mac_build");
				FRAMEWORK_SEARCH_PATHS = (
					"/Developer/Qt/5.6/clang_64/lib",
					"/Developer/Qt/5.6/clang_64/lib");
				OTHER_CFLAGS = (
					"-pipe",
					"-O2",
					"-Wall",
					"-W",
					"-fPIC",
					"-D_USE_NTPDATE_EXEC_",
					"-DFTGL_LIBRARY_STATIC",
					"-DQCNLIVE",
					"-DGRAPHICS_PROGRAM",
					"-DAPP_GRAPHICS",
					"-D_ZLIB",
					"-DQCN",
					"-D_THREAD_SAFE",
					"-DCURL_STATICLIB",
					"-D_ZLIB",
					"-DQT_NO_DEBUG",
					"-DQT_OPENGL_LIB",
					"-DQT_WIDGETS_LIB",
					"-DQT_GUI_LIB",
					"-DQT_CORE_LIB");
				OTHER_CPLUSPLUSFLAGS = (
					"-pipe",
					"-stdlib=libc++",
					"-O2",
					"-std=gnu++11",
					"-Wall",
					"-W",
					"-fPIC",
					"-D_USE_NTPDATE_EXEC_",
					"-DFTGL_LIBRARY_STATIC",
					"-DQCNLIVE",
					"-DGRAPHICS_PROGRAM",
					"-DAPP_GRAPHICS",
					"-D_ZLIB",
					"-DQCN",
					"-D_THREAD_SAFE",
					"-DCURL_STATICLIB",
					"-D_ZLIB",
					"-DQT_NO_DEBUG",
					"-DQT_OPENGL_LIB",
					"-DQT_WIDGETS_LIB",
					"-DQT_GUI_LIB",
					"-DQT_CORE_LIB");
				OTHER_LDFLAGS = (
						"-headerpad_max_install_names",
						"-stdlib=libc++",
						"-Wl,-rpath,/Developer/Qt/5.6/clang_64/lib",
						"-F/Developer/Qt/5.6/clang_64/lib",
						"-L/Developer/Qt/5.6/clang_64/lib",
						"-L/Users/carlgt1/projects/qcn/client/mac_build");
				ARCHS = "x86_64";
			};
			name = "Debug";
		};
		77418F46922677BB04ED38DD = {
			isa = XCBuildConfiguration;
			buildSettings = {
				COPY_PHASE_STRIP = "NO";
				ENABLE_BITCODE = "NO";
				GCC_GENERATE_DEBUGGING_SYMBOLS = "YES";
				GCC_OPTIMIZATION_LEVEL = "0";
				PRODUCT_NAME = "qcnlive";
				QT_LIBRARY_SUFFIX = "_debug";
				SDKROOT = "macosx";
				PRODUCT_NAME = "qcnlive";
			};
			name = "Debug";
		};
		339EE1B2CC4FC24589A0EA95 = {
			isa = XCBuildConfiguration;
			buildSettings = {
				COPY_PHASE_STRIP = "YES";
				ENABLE_BITCODE = "NO";
				GCC_GENERATE_DEBUGGING_SYMBOLS = "NO";
				PRODUCT_NAME = "qcnlive";
				QT_LIBRARY_SUFFIX = "";
				SDKROOT = "macosx";
				GCC_VERSION = com.apple.compilers.llvm.clang.1_0;
				CC = "/usr/bin/gcc";
				CPLUSPLUS = "/usr/bin/g++";
				LDPLUSPLUS = "/Applications/Xcode.app/Contents/Developer/Toolchains/XcodeDefault.xctoolchain/usr/bin/clang++";
				INFOPLIST_FILE = "Info.plist.mac";
				SYMROOT = "/Users/carlgt1/projects/qcn/client/qcnlive/";
				DYLIB_CURRENT_VERSION = "1.0.0";
				DYLIB_COMPATIBILITY_VERSION = "1.0";
				MACOSX_DEPLOYMENT_TARGET = "10.9";
				HEADER_SEARCH_PATHS = (
					".",
					"/Developer/Qt/5.6/clang_64/lib/QtPrintSupport.framework/Versions/Current/Headers",
					"../../../qcn",
					"../../zlib-1.2.5",
					"/Users/carlgt1/projects/qcn/curl-7.34.0/include",
					"../../bzip2-1.0.6",
					"../../curl-7.49.1/include",
					"../../ftgl-2.1.3/include",
					"../../freetype-2.6/include",
					"../main",
					"../sensor",
					"../util",
					"../../../boinc/lib",
					"../../../boinc/api",
					"../../../boinc/zip",
					"../../../boinc/samples/jpeglib",
					"../graphics",
					"/Developer/Qt/5.6/clang_64/lib/QtOpenGL.framework/Headers",
					"/Developer/Qt/5.6/clang_64/lib/QtWidgets.framework/Headers",
					"/Developer/Qt/5.6/clang_64/lib/QtGui.framework/Headers",
					"/Developer/Qt/5.6/clang_64/lib/QtCore.framework/Headers",
					".",
					"/Applications/Xcode.app/Contents/Developer/Platforms/MacOSX.platform/Developer/SDKs/MacOSX10.10.sdk/System/Library/Frameworks/OpenGL.framework/Headers",
					"/Applications/Xcode.app/Contents/Developer/Platforms/MacOSX.platform/Developer/SDKs/MacOSX10.10.sdk/System/Library/Frameworks/AGL.framework/Headers",
					"/Developer/Qt/5.6/clang_64/mkspecs/macx-clang");
				LIBRARY_SEARCH_PATHS = (
					"/System/Library/Frameworks/",
					"/Developer/Qt/5.6/clang_64/lib",
					"/Users/carlgt1/projects/qcn/client/mac_build");
				FRAMEWORK_SEARCH_PATHS = (
					"/Developer/Qt/5.6/clang_64/lib",
					"/Developer/Qt/5.6/clang_64/lib");
				OTHER_CFLAGS = (
					"-pipe",
					"-O2",
					"-Wall",
					"-W",
					"-fPIC",
					"-D_USE_NTPDATE_EXEC_",
					"-DFTGL_LIBRARY_STATIC",
					"-DQCNLIVE",
					"-DGRAPHICS_PROGRAM",
					"-DAPP_GRAPHICS",
					"-D_ZLIB",
					"-DQCN",
					"-D_THREAD_SAFE",
					"-DCURL_STATICLIB",
					"-D_ZLIB",
					"-DQT_NO_DEBUG",
					"-DQT_OPENGL_LIB",
					"-DQT_WIDGETS_LIB",
					"-DQT_GUI_LIB",
					"-DQT_CORE_LIB");
				OTHER_CPLUSPLUSFLAGS = (
					"-pipe",
					"-stdlib=libc++",
					"-O2",
					"-std=gnu++11",
					"-Wall",
					"-W",
					"-fPIC",
					"-D_USE_NTPDATE_EXEC_",
					"-DFTGL_LIBRARY_STATIC",
					"-DQCNLIVE",
					"-DGRAPHICS_PROGRAM",
					"-DAPP_GRAPHICS",
					"-D_ZLIB",
					"-DQCN",
					"-D_THREAD_SAFE",
					"-DCURL_STATICLIB",
					"-D_ZLIB",
					"-DQT_NO_DEBUG",
					"-DQT_OPENGL_LIB",
					"-DQT_WIDGETS_LIB",
					"-DQT_GUI_LIB",
					"-DQT_CORE_LIB");
				OTHER_LDFLAGS = (
						"-headerpad_max_install_names",
						"-stdlib=libc++",
						"-Wl,-rpath,/Developer/Qt/5.6/clang_64/lib",
						"-F/Developer/Qt/5.6/clang_64/lib",
						"-L/Developer/Qt/5.6/clang_64/lib",
						"-L/Users/carlgt1/projects/qcn/client/mac_build");
				ARCHS = "x86_64";
			};
			name = "Release";
		};
		6666AA5E688052234F6758D8 = {
			isa = XCBuildConfiguration;
			buildSettings = {
				COPY_PHASE_STRIP = "YES";
				ENABLE_BITCODE = "NO";
				GCC_GENERATE_DEBUGGING_SYMBOLS = "NO";
				PRODUCT_NAME = "qcnlive";
				QT_LIBRARY_SUFFIX = "";
				SDKROOT = "macosx";
				PRODUCT_NAME = "qcnlive";
			};
			name = "Release";
		};
		DAC4C1AA5EDEA1C85E9CA5E6 = {
			isa = XCConfigurationList;
			buildConfigurations = (
				"3AA6C32AC930069E80220CF1",
				"339EE1B2CC4FC24589A0EA95");
			defaultConfigurationIsVisible = 0;
			defaultConfigurationName = "Release";
		};
		6CC3B5D2136C7CD6A5CF5A59 = {
			isa = XCConfigurationList;
			buildConfigurations = (
				"77418F46922677BB04ED38DD",
				"6666AA5E688052234F6758D8");
			defaultConfigurationIsVisible = 0;
			defaultConfigurationName = "Release";
		};
		6DB9C3763D02B1415CD9D565 = {
			hasScannedForEncodings = 1;
			compatibilityVersion = "Xcode 3.2";
			isa = PBXProject;
			mainGroup = "E8C543AB96796ECAA2E65C57";
			productRefGroup = "FE0A091FDBFB3E9C31B7A1BD";
			buildConfigurationList = "DAC4C1AA5EDEA1C85E9CA5E6";
			projectDirPath = "";
			projectRoot = "";
			targets = (
				"E8E57540B888D07B9A058FE0",
				"32053670C0297B3A0B32AA3D");
			attributes = {
				TargetAttributes = {
				};
			};
		};
	};
	rootObject = "6DB9C3763D02B1415CD9D565";
}
